{
	"name": "kitty",
	"version": "1.0.0",
	"lockfileVersion": 2,
	"requires": true,
	"packages": {
		"": {
			"version": "1.0.0",
			"license": "GPL-3.0-or-later",
			"dependencies": {
				"colors": "^1.4.0",
				"http": "^0.0.1-security",
				"http-auth": "^4.1.7",
				"kitty": "file:../../../../usr/bin/kitty-src"
			}
		},
		"../../../../usr/bin/kitty-src": {
			"name": "kitty",
			"version": "1.0.0",
			"license": "GPL-3.0-or-later",
			"dependencies": {
				"http": "^0.0.1-security",
				"http-auth": "^4.1.7",
				"kitty": "file:../../../../usr/bin/kitty-src"
			}
		},
		"node_modules/apache-crypt": {
			"version": "1.2.5",
			"resolved": "https://registry.npmjs.org/apache-crypt/-/apache-crypt-1.2.5.tgz",
			"integrity": "sha512-ICnYQH+DFVmw+S4Q0QY2XRXD8Ne8ewh8HgbuFH4K7022zCxgHM0Hz1xkRnUlEfAXNbwp1Cnhbedu60USIfDxvg==",
			"dependencies": {
				"unix-crypt-td-js": "^1.1.4"
			},
			"engines": {
				"node": ">=8"
			}
		},
		"node_modules/apache-md5": {
			"version": "1.1.7",
			"resolved": "https://registry.npmjs.org/apache-md5/-/apache-md5-1.1.7.tgz",
			"integrity": "sha512-JtHjzZmJxtzfTSjsCyHgPR155HBe5WGyUyHTaEkfy46qhwCFKx1Epm6nAxgUG3WfUZP1dWhGqj9Z2NOBeZ+uBw==",
			"engines": {
				"node": ">=8"
			}
		},
		"node_modules/bcryptjs": {
			"version": "2.4.3",
			"resolved": "https://registry.npmjs.org/bcryptjs/-/bcryptjs-2.4.3.tgz",
			"integrity": "sha1-mrVie5PmBiH/fNrF2pczAn3x0Ms="
		},
		"node_modules/colors": {
			"version": "1.4.0",
			"resolved": "https://registry.npmjs.org/colors/-/colors-1.4.0.tgz",
			"integrity": "sha512-a+UqTh4kgZg/SlGvfbzDHpgRu7AAQOmmqRHJnxhRZICKFUT91brVhNNt58CMWU9PsBbv3PDCZUHbVxuDiH2mtA==",
			"engines": {
				"node": ">=0.1.90"
			}
		},
		"node_modules/http": {
			"version": "0.0.1-security",
			"resolved": "https://registry.npmjs.org/http/-/http-0.0.1-security.tgz",
			"integrity": "sha512-RnDvP10Ty9FxqOtPZuxtebw1j4L/WiqNMDtuc1YMH1XQm5TgDRaR1G9u8upL6KD1bXHSp9eSXo/ED+8Q7FAr+g=="
		},
		"node_modules/http-auth": {
			"version": "4.1.7",
			"resolved": "https://registry.npmjs.org/http-auth/-/http-auth-4.1.7.tgz",
			"integrity": "sha512-LdftJKxCOpEE56ESgg8uODQ+f+P+0ZHN+PZblIT3YX+c1hDINiI6eNDZ/jm+ji+oqeP+RAW7RuIvt76vqiOLnQ==",
			"dependencies": {
				"apache-crypt": "^1.1.2",
				"apache-md5": "^1.0.6",
				"bcryptjs": "^2.4.3",
				"uuid": "^3.4.0"
			},
			"engines": {
				"node": ">=8"
			}
		},
		"node_modules/kitty": {
			"resolved": "../../../../usr/bin/kitty-src",
			"link": true
		},
		"node_modules/unix-crypt-td-js": {
			"version": "1.1.4",
			"resolved": "https://registry.npmjs.org/unix-crypt-td-js/-/unix-crypt-td-js-1.1.4.tgz",
			"integrity": "sha512-8rMeVYWSIyccIJscb9NdCfZKSRBKYTeVnwmiRYT2ulE3qd1RaDQ0xQDP+rI3ccIWbhu/zuo5cgN8z73belNZgw=="
		},
		"node_modules/uuid": {
			"version": "3.4.0",
			"resolved": "https://registry.npmjs.org/uuid/-/uuid-3.4.0.tgz",
			"integrity": "sha512-HjSDRw6gZE5JMggctHBcjVak08+KEVhSIiDzFnT9S9aegmp85S/bReBVTb4QTFaRNptJ9kuYaNhnbNEOkbKb/A==",
			"deprecated": "Please upgrade  to version 7 or higher.  Older versions may use Math.random() in certain circumstances, which is known to be problematic.  See https://v8.dev/blog/math-random for details.",
			"bin": {
				"uuid": "bin/uuid"
			}
		}
	},
	"dependencies": {
		"apache-crypt": {
			"version": "1.2.5",
			"resolved": "https://registry.npmjs.org/apache-crypt/-/apache-crypt-1.2.5.tgz",
			"integrity": "sha512-ICnYQH+DFVmw+S4Q0QY2XRXD8Ne8ewh8HgbuFH4K7022zCxgHM0Hz1xkRnUlEfAXNbwp1Cnhbedu60USIfDxvg==",
			"requires": {
				"unix-crypt-td-js": "^1.1.4"
			}
		},
		"apache-md5": {
			"version": "1.1.7",
			"resolved": "https://registry.npmjs.org/apache-md5/-/apache-md5-1.1.7.tgz",
			"integrity": "sha512-JtHjzZmJxtzfTSjsCyHgPR155HBe5WGyUyHTaEkfy46qhwCFKx1Epm6nAxgUG3WfUZP1dWhGqj9Z2NOBeZ+uBw=="
		},
		"bcryptjs": {
			"version": "2.4.3",
			"resolved": "https://registry.npmjs.org/bcryptjs/-/bcryptjs-2.4.3.tgz",
			"integrity": "sha1-mrVie5PmBiH/fNrF2pczAn3x0Ms="
		},
		"colors": {
			"version": "1.4.0",
			"resolved": "https://registry.npmjs.org/colors/-/colors-1.4.0.tgz",
			"integrity": "sha512-a+UqTh4kgZg/SlGvfbzDHpgRu7AAQOmmqRHJnxhRZICKFUT91brVhNNt58CMWU9PsBbv3PDCZUHbVxuDiH2mtA=="
		},
		"http": {
			"version": "0.0.1-security",
			"resolved": "https://registry.npmjs.org/http/-/http-0.0.1-security.tgz",
			"integrity": "sha512-RnDvP10Ty9FxqOtPZuxtebw1j4L/WiqNMDtuc1YMH1XQm5TgDRaR1G9u8upL6KD1bXHSp9eSXo/ED+8Q7FAr+g=="
		},
		"http-auth": {
			"version": "4.1.7",
			"resolved": "https://registry.npmjs.org/http-auth/-/http-auth-4.1.7.tgz",
			"integrity": "sha512-LdftJKxCOpEE56ESgg8uODQ+f+P+0ZHN+PZblIT3YX+c1hDINiI6eNDZ/jm+ji+oqeP+RAW7RuIvt76vqiOLnQ==",
			"requires": {
				"apache-crypt": "^1.1.2",
				"apache-md5": "^1.0.6",
				"bcryptjs": "^2.4.3",
				"uuid": "^3.4.0"
			}
		},
		"kitty": {
			"version": "file:../../../../usr/bin/kitty-src",
			"requires": {
				"http": "^0.0.1-security",
				"http-auth": "^4.1.7",
				"kitty": "file:"
			}
		},
		"unix-crypt-td-js": {
			"version": "1.1.4",
			"resolved": "https://registry.npmjs.org/unix-crypt-td-js/-/unix-crypt-td-js-1.1.4.tgz",
			"integrity": "sha512-8rMeVYWSIyccIJscb9NdCfZKSRBKYTeVnwmiRYT2ulE3qd1RaDQ0xQDP+rI3ccIWbhu/zuo5cgN8z73belNZgw=="
		},
		"uuid": {
			"version": "3.4.0",
			"resolved": "https://registry.npmjs.org/uuid/-/uuid-3.4.0.tgz",
			"integrity": "sha512-HjSDRw6gZE5JMggctHBcjVak08+KEVhSIiDzFnT9S9aegmp85S/bReBVTb4QTFaRNptJ9kuYaNhnbNEOkbKb/A=="
		}
	}
}
